// !$*UTF8*$!
{
	archiveVersion = 1;
	classes = {
	};
	objectVersion = 77;
	objects = {

/* Begin PBXBuildFile section */
		0110258018370390BE53B24E /* Analyzer.swift in Sources */ = {isa = PBXBuildFile; fileRef = 56A3DB084941D168EBB075C8 /* Analyzer.swift */; };
		03C2D0C82A34598425BBECFF /* RemindersView.swift in Sources */ = {isa = PBXBuildFile; fileRef = 77CF5D73ABFE7A1FA32F282B /* RemindersView.swift */; };
		07DC70374F758E9ED95C52EB /* LinkPreview.swift in Sources */ = {isa = PBXBuildFile; fileRef = F8D6C342725905C15F178A9C /* LinkPreview.swift */; };
		0AA0438DEF30ECC22DB17C7E /* ImageTextExtractor.swift in Sources */ = {isa = PBXBuildFile; fileRef = CBB176A3E8EFB20729AB1166 /* ImageTextExtractor.swift */; };
		0FEC2B1F836A76FB26FACB5E /* TextExtractor.swift in Sources */ = {isa = PBXBuildFile; fileRef = FD5811FCB39CFA97B1936890 /* TextExtractor.swift */; };
		109E5A4CCBB715C26F3CB744 /* CompositeTextExtractorTests.swift in Sources */ = {isa = PBXBuildFile; fileRef = D3882B8FD6A2DE85BFB42992 /* CompositeTextExtractorTests.swift */; };
		122856E876F08C39F4FEAF05 /* Notifier.swift in Sources */ = {isa = PBXBuildFile; fileRef = 15FA56271CAD8DFAB16921A9 /* Notifier.swift */; };
		141E9AD1A59372926ECA2800 /* CategoryView.swift in Sources */ = {isa = PBXBuildFile; fileRef = E055EED455A89D1AF0B5FC71 /* CategoryView.swift */; };
		146D205C00A29DE958AA2255 /* CategoryStore.swift in Sources */ = {isa = PBXBuildFile; fileRef = 272C3E40CA2289405EAC4361 /* CategoryStore.swift */; };
		182E87E86D33042B4CE2EFDD /* NudgeSettings.swift in Sources */ = {isa = PBXBuildFile; fileRef = 863A842BE91CD9FD84F3F94B /* NudgeSettings.swift */; };
		1955BFC79B3C2A7A2C22BDEF /* DateProvider.swift in Sources */ = {isa = PBXBuildFile; fileRef = 1FF4525AD8B3281F03EB2899 /* DateProvider.swift */; };
		1A16AE9468E8795B3C38A197 /* SettingsView.swift in Sources */ = {isa = PBXBuildFile; fileRef = 11518C6360C5F20FCFEF72BC /* SettingsView.swift */; };
		1C0A379BEC414F2D1E7E2D8D /* ShareViewController.swift in Sources */ = {isa = PBXBuildFile; fileRef = 2FF56894C804BCF2C9D9A312 /* ShareViewController.swift */; };
		1CFD17BB0A2FA6FC727D2F4D /* ShareCaptureView.swift in Sources */ = {isa = PBXBuildFile; fileRef = E7402AB49EF617B773080EF8 /* ShareCaptureView.swift */; };
		1E83A09816A7042285A6A9C6 /* FMAnalyzer.swift in Sources */ = {isa = PBXBuildFile; fileRef = 9D6B96B35C47C2DA51848AAB /* FMAnalyzer.swift */; };
		204AE187A753149D77520AD2 /* NudgeSettingsTests.swift in Sources */ = {isa = PBXBuildFile; fileRef = CE13875FF729AB8A772DCDC9 /* NudgeSettingsTests.swift */; };
		2337A36BEA34311AA9B3A778 /* AvailabilityGateView.swift in Sources */ = {isa = PBXBuildFile; fileRef = 77206546058608884B7AF211 /* AvailabilityGateView.swift */; };
		2A49A00DC133BD54C40F09A0 /* NudgeRunner.swift in Sources */ = {isa = PBXBuildFile; fileRef = 1BE0F5D604C84F4CEA45FDC9 /* NudgeRunner.swift */; };
		2BD99444EA4AEAD817674DC7 /* SavedItemEditingTests.swift in Sources */ = {isa = PBXBuildFile; fileRef = 4935901E07CE62E50075AFD7 /* SavedItemEditingTests.swift */; };
		2FC6CBBF9D0EFECD66F820D5 /* ItemProcessorTests.swift in Sources */ = {isa = PBXBuildFile; fileRef = 9EBB4A344E06C3C986803BF6 /* ItemProcessorTests.swift */; };
		3C44D0AFDCD33F11599ED53F /* TextTranslator.swift in Sources */ = {isa = PBXBuildFile; fileRef = 174932869EE22AB667548654 /* TextTranslator.swift */; };
		3D692186B9879B5AFB956261 /* LinkPreview.swift in Sources */ = {isa = PBXBuildFile; fileRef = F8D6C342725905C15F178A9C /* LinkPreview.swift */; };
		3F7EED84FC64F69104AFE2A7 /* OCR.swift in Sources */ = {isa = PBXBuildFile; fileRef = 924B43E35506849A34E7C924 /* OCR.swift */; };
		3FBD52350BD12329D94E491E /* SavedItem+Editing.swift in Sources */ = {isa = PBXBuildFile; fileRef = 91A005AE604A66346FB49806 /* SavedItem+Editing.swift */; };
		4A317EA339F250791ACBA944 /* KnooqKit.framework in Embed Frameworks */ = {isa = PBXBuildFile; fileRef = 1258FB5BC333B7418BABDB8C /* KnooqKit.framework */; settings = {ATTRIBUTES = (CodeSignOnCopy, RemoveHeadersOnCopy, ); }; };
		4A617A9FE8C8822C04606A8F /* KnooqKitTests.swift in Sources */ = {isa = PBXBuildFile; fileRef = C8D33807DB1E67D12027B1C9 /* KnooqKitTests.swift */; };
		4A7BF38A65BC1FFC7A06D093 /* URLTextExtractorTests.swift in Sources */ = {isa = PBXBuildFile; fileRef = C196E73C7747E9A57FE0ACCE /* URLTextExtractorTests.swift */; };
		4EA0271468CA1A32B4364770 /* UNNotifier.swift in Sources */ = {isa = PBXBuildFile; fileRef = 0690A62CC20FE9924148FAC9 /* UNNotifier.swift */; };
		4F989752ECBD161DEF186215 /* RawType.swift in Sources */ = {isa = PBXBuildFile; fileRef = AD65A34466775F3C489BDA1C /* RawType.swift */; };
		5443882E139882317A13A1DD /* KnooqKit.framework in Frameworks */ = {isa = PBXBuildFile; fileRef = 1258FB5BC333B7418BABDB8C /* KnooqKit.framework */; };
		585E7DCF5135603A2E5EF115 /* KnooqKit.swift in Sources */ = {isa = PBXBuildFile; fileRef = 088932655230EE40E97ACC2C /* KnooqKit.swift */; };
		59D3CFE27472765E2D4D034C /* KnooqKit.framework in Frameworks */ = {isa = PBXBuildFile; fileRef = 1258FB5BC333B7418BABDB8C /* KnooqKit.framework */; };
		5C1E114A8C306D80C34A0C18 /* NudgeEngineTests.swift in Sources */ = {isa = PBXBuildFile; fileRef = 61EAD30BC1504E0240FEC57D /* NudgeEngineTests.swift */; };
		5C2CB5E4C7C0561742376A48 /* NudgeRunnerTests.swift in Sources */ = {isa = PBXBuildFile; fileRef = FC51D26B26705818AE4AAA95 /* NudgeRunnerTests.swift */; };
		618CA9B99ECABC85AF9FEC3A /* ImageStore.swift in Sources */ = {isa = PBXBuildFile; fileRef = E5794EAC3A84EA8AFA20EBC7 /* ImageStore.swift */; };
		6381642EE1C8EB16ABBA181C /* LanguageSupport.swift in Sources */ = {isa = PBXBuildFile; fileRef = 2AFBC680DD08B7AE4C9FD4AE /* LanguageSupport.swift */; };
		6441494AB1F8640D790A4CC1 /* ImageStoreTests.swift in Sources */ = {isa = PBXBuildFile; fileRef = DCD80C1F71379047BACD3049 /* ImageStoreTests.swift */; };
		6AA92091A2F37811DDA86F34 /* SavedItem.swift in Sources */ = {isa = PBXBuildFile; fileRef = 4A45AB2BE304F024F794B73A /* SavedItem.swift */; };
		6B45B4075DC2FA3D1532A307 /* TranslatingAnalyzerTests.swift in Sources */ = {isa = PBXBuildFile; fileRef = 5B85A97A8E46967EC6B28665 /* TranslatingAnalyzerTests.swift */; };
		6D52BC5C411ED82D65EFF64A /* LanguageDetector.swift in Sources */ = {isa = PBXBuildFile; fileRef = E517B9DCEFDF8460E45C464C /* LanguageDetector.swift */; };
		6FDB8563A9AE57573304BE23 /* TranslatingAnalyzer.swift in Sources */ = {isa = PBXBuildFile; fileRef = 7DD39039FC716460BEC66D5B /* TranslatingAnalyzer.swift */; };
		757248427991FAD86867C524 /* ItemDetailView.swift in Sources */ = {isa = PBXBuildFile; fileRef = 6322192314409686B7865877 /* ItemDetailView.swift */; };
		75BF66BAEE432C1A2E6A26F6 /* LinkMetadataCache.swift in Sources */ = {isa = PBXBuildFile; fileRef = B3BF3DA13BA56A6A6344AE99 /* LinkMetadataCache.swift */; };
		7612EC4FECA102C2CE02BEEE /* ItemPresentation.swift in Sources */ = {isa = PBXBuildFile; fileRef = 9C47C534B5199C5199E4224B /* ItemPresentation.swift */; };
		780A6468F56D99A5E0D893C0 /* Readability.js in Resources */ = {isa = PBXBuildFile; fileRef = 258DA1822F9DAE3398611B7D /* Readability.js */; };
		78569AA73D279C1FDC5387A7 /* ItemFilterTests.swift in Sources */ = {isa = PBXBuildFile; fileRef = 6D8D8AEE496625F6EE6A2B84 /* ItemFilterTests.swift */; };
		7AF705D8F873D02BF432F8B2 /* ItemStatus.swift in Sources */ = {isa = PBXBuildFile; fileRef = C7E28893B215C7AF466E9600 /* ItemStatus.swift */; };
		7C5E206087F7F26F9F97D4BE /* CompositeTextExtractor.swift in Sources */ = {isa = PBXBuildFile; fileRef = 61FB2DE80F45751229AFEE23 /* CompositeTextExtractor.swift */; };
		7CCE42B5C4AC1AD7670E976F /* PDFTextExtractor.swift in Sources */ = {isa = PBXBuildFile; fileRef = 57ECA7088BAC020FF4CCF871 /* PDFTextExtractor.swift */; };
		8661679BE1DCD1B90C3C4D84 /* AppServices.swift in Sources */ = {isa = PBXBuildFile; fileRef = 2FE65EAF7F85E9406485A25C /* AppServices.swift */; };
		87973BCE54AB23F7FF0511D0 /* CaptureQueue.swift in Sources */ = {isa = PBXBuildFile; fileRef = 526B965F1B59F705C170AB15 /* CaptureQueue.swift */; };
		8B2FEB9D3D8533581DBCF1A3 /* CaptureQueueTests.swift in Sources */ = {isa = PBXBuildFile; fileRef = B20053AC8618D042771A0782 /* CaptureQueueTests.swift */; };
		8B3A7A6E90F6674784FB619A /* Assets.xcassets in Resources */ = {isa = PBXBuildFile; fileRef = C0DD017CBC30C3BBE2C12E68 /* Assets.xcassets */; };
		8C0A08A5606BB68A63918A00 /* Categories.swift in Sources */ = {isa = PBXBuildFile; fileRef = D54711AAA8E5401A3DCC45B8 /* Categories.swift */; };
		93A5BE783EFA4F7544231086 /* ItemAnalysisValidationTests.swift in Sources */ = {isa = PBXBuildFile; fileRef = 036EBAF62486003CB390260D /* ItemAnalysisValidationTests.swift */; };
		97D5B6C2719A33A8FDA47EA7 /* OnboardingStore.swift in Sources */ = {isa = PBXBuildFile; fileRef = 7E14C6E15608DB61B141471B /* OnboardingStore.swift */; };
		9F764F90A097A812134F850C /* KnooqKit.framework in Frameworks */ = {isa = PBXBuildFile; fileRef = 1258FB5BC333B7418BABDB8C /* KnooqKit.framework */; };
		A44094BCF3D31705930D7193 /* TranslationBridge.swift in Sources */ = {isa = PBXBuildFile; fileRef = 9A7B55E97D033825AEF5FF9D /* TranslationBridge.swift */; };
		A8513A1447F3B8821D576CBF /* CaptureTitleTests.swift in Sources */ = {isa = PBXBuildFile; fileRef = 3B34516A79FCB2E7D705CED3 /* CaptureTitleTests.swift */; };
		AA68EEA3F7A74707E34B5593 /* ImageTextExtractorTests.swift in Sources */ = {isa = PBXBuildFile; fileRef = 2482522FE718941008D7CEB5 /* ImageTextExtractorTests.swift */; };
		ABBFCAEBCD714473B2E7B0E4 /* PreviewSupport.swift in Sources */ = {isa = PBXBuildFile; fileRef = 40C5A05DB603CBBA14089917 /* PreviewSupport.swift */; };
		ACD69F93D8D97C2F3FCCCA0D /* KnooqTests.swift in Sources */ = {isa = PBXBuildFile; fileRef = FAC4EF6868F2F7DD851A1D39 /* KnooqTests.swift */; };
		B27B1F68F32777F4A3F5FF81 /* NudgeScheduler.swift in Sources */ = {isa = PBXBuildFile; fileRef = 6FB4DBCE1BDA54997EEA26D5 /* NudgeScheduler.swift */; };
		BA57DEAE31C2B85D5B365D5C /* KnooqApp.swift in Sources */ = {isa = PBXBuildFile; fileRef = AC10E174C5D8EDFB9CFEEE5E /* KnooqApp.swift */; };
		C3226A4BE7668F7386A6F0C7 /* InboxView.swift in Sources */ = {isa = PBXBuildFile; fileRef = 32B5CACBCB91B0327953A229 /* InboxView.swift */; };
		C397A4F8FEACBC66B71C588B /* CategoryStoreTests.swift in Sources */ = {isa = PBXBuildFile; fileRef = AEA1B00F65555DEFC0BDBDFA /* CategoryStoreTests.swift */; };
		C3A0D9977309BAB13F9CB7AC /* Logging.swift in Sources */ = {isa = PBXBuildFile; fileRef = E6956B44CF9E94B815FFFDDA /* Logging.swift */; };
		C516C483D95D084DDC693458 /* Stubs.swift in Sources */ = {isa = PBXBuildFile; fileRef = 7BECB8B3BFB742BCE21FECA4 /* Stubs.swift */; };
		C56AA95480636442EE7E38C0 /* KnooqShare.appex in Embed Foundation Extensions */ = {isa = PBXBuildFile; fileRef = 22D863E1A454C0BF93D4994A /* KnooqShare.appex */; settings = {ATTRIBUTES = (RemoveHeadersOnCopy, ); }; };
		D1EB1002F348E3C440496102 /* ProtocolsTests.swift in Sources */ = {isa = PBXBuildFile; fileRef = EB1E6A965C1D3C8E3DE73339 /* ProtocolsTests.swift */; };
		D552BB2864807C82331C323B /* URLTextExtractor.swift in Sources */ = {isa = PBXBuildFile; fileRef = 2822BC8214D4B7C8FF76AA2A /* URLTextExtractor.swift */; };
		D6CAA7DCC76A677F6B573B47 /* OnboardingStoreTests.swift in Sources */ = {isa = PBXBuildFile; fileRef = FAFABBB813035AFFACA972A5 /* OnboardingStoreTests.swift */; };
		D9338659E2CEDE78A7E99C87 /* KnooqKit.framework in Embed Frameworks */ = {isa = PBXBuildFile; fileRef = 1258FB5BC333B7418BABDB8C /* KnooqKit.framework */; settings = {ATTRIBUTES = (CodeSignOnCopy, RemoveHeadersOnCopy, ); }; };
		DB9AA294F912271D5B334878 /* LinkMetadataCache.swift in Sources */ = {isa = PBXBuildFile; fileRef = B3BF3DA13BA56A6A6344AE99 /* LinkMetadataCache.swift */; };
		E902E80C1D90F6593B1FA419 /* KnooqStore.swift in Sources */ = {isa = PBXBuildFile; fileRef = 415D64DFAFA16D0A9874205E /* KnooqStore.swift */; };
		ECA9A442D35200580A37B3A2 /* ItemFilter.swift in Sources */ = {isa = PBXBuildFile; fileRef = CC59D1E4A834E6BBEDE6D99F /* ItemFilter.swift */; };
		EF372691D46B098139B7FBDA /* OnboardingView.swift in Sources */ = {isa = PBXBuildFile; fileRef = E74D4D8585D36225BB93ED72 /* OnboardingView.swift */; };
		F23A6007A732DE86C1C9C369 /* NudgeEngine.swift in Sources */ = {isa = PBXBuildFile; fileRef = C5C99A9673AD13314443C9AD /* NudgeEngine.swift */; };
		F2969DB8C3BFFBC1F703456B /* CaptureTitle.swift in Sources */ = {isa = PBXBuildFile; fileRef = 9380D2CC059E97017FE75B19 /* CaptureTitle.swift */; };
		F825E95BF10472F4F0FDC0A0 /* ItemProcessor.swift in Sources */ = {isa = PBXBuildFile; fileRef = 86D0F5D091DC9835C36C4025 /* ItemProcessor.swift */; };
		FA824315F8A252C2EC0256CA /* ModelsTests.swift in Sources */ = {isa = PBXBuildFile; fileRef = 7FA8E55FDA570FE43EB5595D /* ModelsTests.swift */; };
		FBB061B9DA95428866030EBC /* Folders.swift in Sources */ = {isa = PBXBuildFile; fileRef = E386F4B58C6591D8E6034A58 /* Folders.swift */; };
/* End PBXBuildFile section */

/* Begin PBXContainerItemProxy section */
		79F4F6DD0B719EF05871562F /* PBXContainerItemProxy */ = {
			isa = PBXContainerItemProxy;
			containerPortal = 4C2688E0AA8BE3783CBE7A05 /* Project object */;
			proxyType = 1;
			remoteGlobalIDString = CA69C317136B91E49E3B649B;
			remoteInfo = KnooqKit;
		};
		C0AB721A6BC6FBDD709681B1 /* PBXContainerItemProxy */ = {
			isa = PBXContainerItemProxy;
			containerPortal = 4C2688E0AA8BE3783CBE7A05 /* Project object */;
			proxyType = 1;
			remoteGlobalIDString = CA69C317136B91E49E3B649B;
			remoteInfo = KnooqKit;
		};
		C1152FB965B23BCB2CDA6F6A /* PBXContainerItemProxy */ = {
			isa = PBXContainerItemProxy;
			containerPortal = 4C2688E0AA8BE3783CBE7A05 /* Project object */;
			proxyType = 1;
			remoteGlobalIDString = 98FA4402F8A34FB2A2DF6F8A;
			remoteInfo = KnooqShare;
		};
		D828F34DA670C69F09CB8360 /* PBXContainerItemProxy */ = {
			isa = PBXContainerItemProxy;
			containerPortal = 4C2688E0AA8BE3783CBE7A05 /* Project object */;
			proxyType = 1;
			remoteGlobalIDString = CA69C317136B91E49E3B649B;
			remoteInfo = KnooqKit;
		};
		EAEE5375B583320FF8E47AF9 /* PBXContainerItemProxy */ = {
			isa = PBXContainerItemProxy;
			containerPortal = 4C2688E0AA8BE3783CBE7A05 /* Project object */;
			proxyType = 1;
			remoteGlobalIDString = C780993657AA5C3548EC1083;
			remoteInfo = Knooq;
		};
/* End PBXContainerItemProxy section */

/* Begin PBXCopyFilesBuildPhase section */
		05338609EC3E8696A00E6EFD /* Embed Frameworks */ = {
			isa = PBXCopyFilesBuildPhase;
			buildActionMask = 2147483647;
			dstPath = "";
			dstSubfolderSpec = 10;
			files = (
				D9338659E2CEDE78A7E99C87 /* KnooqKit.framework in Embed Frameworks */,
			);
			name = "Embed Frameworks";
			runOnlyForDeploymentPostprocessing = 0;
		};
		16D524CA542B76B4A3398534 /* Embed Frameworks */ = {
			isa = PBXCopyFilesBuildPhase;
			buildActionMask = 2147483647;
			dstPath = "";
			dstSubfolderSpec = 10;
			files = (
				4A317EA339F250791ACBA944 /* KnooqKit.framework in Embed Frameworks */,
			);
			name = "Embed Frameworks";
			runOnlyForDeploymentPostprocessing = 0;
		};
		B0F60FEC2FC397D08A1CA0CB /* Embed Foundation Extensions */ = {
			isa = PBXCopyFilesBuildPhase;
			buildActionMask = 2147483647;
			dstPath = "";
			dstSubfolderSpec = 13;
			files = (
				C56AA95480636442EE7E38C0 /* KnooqShare.appex in Embed Foundation Extensions */,
			);
			name = "Embed Foundation Extensions";
			runOnlyForDeploymentPostprocessing = 0;
		};
/* End PBXCopyFilesBuildPhase section */

/* Begin PBXFileReference section */
		036EBAF62486003CB390260D /* ItemAnalysisValidationTests.swift */ = {isa = PBXFileReference; lastKnownFileType = sourcecode.swift; path = ItemAnalysisValidationTests.swift; sourceTree = "<group>"; };
		048922BCF10B7A4A5A1A7E22 /* KnooqKitTests.xctest */ = {isa = PBXFileReference; includeInIndex = 0; lastKnownFileType = wrapper.cfbundle; path = KnooqKitTests.xctest; sourceTree = BUILT_PRODUCTS_DIR; };
		0690A62CC20FE9924148FAC9 /* UNNotifier.swift */ = {isa = PBXFileReference; lastKnownFileType = sourcecode.swift; path = UNNotifier.swift; sourceTree = "<group>"; };
		073EA331E97FAD5268A1B8C6 /* KnooqTests.xctest */ = {isa = PBXFileReference; includeInIndex = 0; lastKnownFileType = wrapper.cfbundle; path = KnooqTests.xctest; sourceTree = BUILT_PRODUCTS_DIR; };
		088932655230EE40E97ACC2C /* KnooqKit.swift */ = {isa = PBXFileReference; lastKnownFileType = sourcecode.swift; path = KnooqKit.swift; sourceTree = "<group>"; };
		102AD9DCE3947D04A5BF7A4B /* Knooq.entitlements */ = {isa = PBXFileReference; lastKnownFileType = text.plist.entitlements; path = Knooq.entitlements; sourceTree = "<group>"; };
		11518C6360C5F20FCFEF72BC /* SettingsView.swift */ = {isa = PBXFileReference; lastKnownFileType = sourcecode.swift; path = SettingsView.swift; sourceTree = "<group>"; };
		1258FB5BC333B7418BABDB8C /* KnooqKit.framework */ = {isa = PBXFileReference; explicitFileType = wrapper.framework; includeInIndex = 0; path = KnooqKit.framework; sourceTree = BUILT_PRODUCTS_DIR; };
		15FA56271CAD8DFAB16921A9 /* Notifier.swift */ = {isa = PBXFileReference; lastKnownFileType = sourcecode.swift; path = Notifier.swift; sourceTree = "<group>"; };
		174932869EE22AB667548654 /* TextTranslator.swift */ = {isa = PBXFileReference; lastKnownFileType = sourcecode.swift; path = TextTranslator.swift; sourceTree = "<group>"; };
		1BE0F5D604C84F4CEA45FDC9 /* NudgeRunner.swift */ = {isa = PBXFileReference; lastKnownFileType = sourcecode.swift; path = NudgeRunner.swift; sourceTree = "<group>"; };
		1FF4525AD8B3281F03EB2899 /* DateProvider.swift */ = {isa = PBXFileReference; lastKnownFileType = sourcecode.swift; path = DateProvider.swift; sourceTree = "<group>"; };
		22D863E1A454C0BF93D4994A /* KnooqShare.appex */ = {isa = PBXFileReference; includeInIndex = 0; lastKnownFileType = "wrapper.app-extension"; path = KnooqShare.appex; sourceTree = BUILT_PRODUCTS_DIR; };
		2482522FE718941008D7CEB5 /* ImageTextExtractorTests.swift */ = {isa = PBXFileReference; lastKnownFileType = sourcecode.swift; path = ImageTextExtractorTests.swift; sourceTree = "<group>"; };
		258DA1822F9DAE3398611B7D /* Readability.js */ = {isa = PBXFileReference; lastKnownFileType = sourcecode.javascript; path = Readability.js; sourceTree = "<group>"; };
		272C3E40CA2289405EAC4361 /* CategoryStore.swift */ = {isa = PBXFileReference; lastKnownFileType = sourcecode.swift; path = CategoryStore.swift; sourceTree = "<group>"; };
		2822BC8214D4B7C8FF76AA2A /* URLTextExtractor.swift */ = {isa = PBXFileReference; lastKnownFileType = sourcecode.swift; path = URLTextExtractor.swift; sourceTree = "<group>"; };
		2AFBC680DD08B7AE4C9FD4AE /* LanguageSupport.swift */ = {isa = PBXFileReference; lastKnownFileType = sourcecode.swift; path = LanguageSupport.swift; sourceTree = "<group>"; };
		2FE65EAF7F85E9406485A25C /* AppServices.swift */ = {isa = PBXFileReference; lastKnownFileType = sourcecode.swift; path = AppServices.swift; sourceTree = "<group>"; };
		2FF56894C804BCF2C9D9A312 /* ShareViewController.swift */ = {isa = PBXFileReference; lastKnownFileType = sourcecode.swift; path = ShareViewController.swift; sourceTree = "<group>"; };
		32B5CACBCB91B0327953A229 /* InboxView.swift */ = {isa = PBXFileReference; lastKnownFileType = sourcecode.swift; path = InboxView.swift; sourceTree = "<group>"; };
		3B34516A79FCB2E7D705CED3 /* CaptureTitleTests.swift */ = {isa = PBXFileReference; lastKnownFileType = sourcecode.swift; path = CaptureTitleTests.swift; sourceTree = "<group>"; };
		40C5A05DB603CBBA14089917 /* PreviewSupport.swift */ = {isa = PBXFileReference; lastKnownFileType = sourcecode.swift; path = PreviewSupport.swift; sourceTree = "<group>"; };
		415D64DFAFA16D0A9874205E /* KnooqStore.swift */ = {isa = PBXFileReference; lastKnownFileType = sourcecode.swift; path = KnooqStore.swift; sourceTree = "<group>"; };
		4935901E07CE62E50075AFD7 /* SavedItemEditingTests.swift */ = {isa = PBXFileReference; lastKnownFileType = sourcecode.swift; path = SavedItemEditingTests.swift; sourceTree = "<group>"; };
		4A45AB2BE304F024F794B73A /* SavedItem.swift */ = {isa = PBXFileReference; lastKnownFileType = sourcecode.swift; path = SavedItem.swift; sourceTree = "<group>"; };
		526B965F1B59F705C170AB15 /* CaptureQueue.swift */ = {isa = PBXFileReference; lastKnownFileType = sourcecode.swift; path = CaptureQueue.swift; sourceTree = "<group>"; };
		56A3DB084941D168EBB075C8 /* Analyzer.swift */ = {isa = PBXFileReference; lastKnownFileType = sourcecode.swift; path = Analyzer.swift; sourceTree = "<group>"; };
		57ECA7088BAC020FF4CCF871 /* PDFTextExtractor.swift */ = {isa = PBXFileReference; lastKnownFileType = sourcecode.swift; path = PDFTextExtractor.swift; sourceTree = "<group>"; };
		5B85A97A8E46967EC6B28665 /* TranslatingAnalyzerTests.swift */ = {isa = PBXFileReference; lastKnownFileType = sourcecode.swift; path = TranslatingAnalyzerTests.swift; sourceTree = "<group>"; };
		61EAD30BC1504E0240FEC57D /* NudgeEngineTests.swift */ = {isa = PBXFileReference; lastKnownFileType = sourcecode.swift; path = NudgeEngineTests.swift; sourceTree = "<group>"; };
		61FB2DE80F45751229AFEE23 /* CompositeTextExtractor.swift */ = {isa = PBXFileReference; lastKnownFileType = sourcecode.swift; path = CompositeTextExtractor.swift; sourceTree = "<group>"; };
		6322192314409686B7865877 /* ItemDetailView.swift */ = {isa = PBXFileReference; lastKnownFileType = sourcecode.swift; path = ItemDetailView.swift; sourceTree = "<group>"; };
		63D5925E656046C51B41A7E8 /* Info.plist */ = {isa = PBXFileReference; lastKnownFileType = text.plist; path = Info.plist; sourceTree = "<group>"; };
		6D8D8AEE496625F6EE6A2B84 /* ItemFilterTests.swift */ = {isa = PBXFileReference; lastKnownFileType = sourcecode.swift; path = ItemFilterTests.swift; sourceTree = "<group>"; };
		6FB4DBCE1BDA54997EEA26D5 /* NudgeScheduler.swift */ = {isa = PBXFileReference; lastKnownFileType = sourcecode.swift; path = NudgeScheduler.swift; sourceTree = "<group>"; };
		77206546058608884B7AF211 /* AvailabilityGateView.swift */ = {isa = PBXFileReference; lastKnownFileType = sourcecode.swift; path = AvailabilityGateView.swift; sourceTree = "<group>"; };
		77CF5D73ABFE7A1FA32F282B /* RemindersView.swift */ = {isa = PBXFileReference; lastKnownFileType = sourcecode.swift; path = RemindersView.swift; sourceTree = "<group>"; };
		7BECB8B3BFB742BCE21FECA4 /* Stubs.swift */ = {isa = PBXFileReference; lastKnownFileType = sourcecode.swift; path = Stubs.swift; sourceTree = "<group>"; };
		7DD39039FC716460BEC66D5B /* TranslatingAnalyzer.swift */ = {isa = PBXFileReference; lastKnownFileType = sourcecode.swift; path = TranslatingAnalyzer.swift; sourceTree = "<group>"; };
		7E14C6E15608DB61B141471B /* OnboardingStore.swift */ = {isa = PBXFileReference; lastKnownFileType = sourcecode.swift; path = OnboardingStore.swift; sourceTree = "<group>"; };
		7FA8E55FDA570FE43EB5595D /* ModelsTests.swift */ = {isa = PBXFileReference; lastKnownFileType = sourcecode.swift; path = ModelsTests.swift; sourceTree = "<group>"; };
		860CE33B8F422BB0AADD7CA5 /* KnooqShare.entitlements */ = {isa = PBXFileReference; lastKnownFileType = text.plist.entitlements; path = KnooqShare.entitlements; sourceTree = "<group>"; };
		863A842BE91CD9FD84F3F94B /* NudgeSettings.swift */ = {isa = PBXFileReference; lastKnownFileType = sourcecode.swift; path = NudgeSettings.swift; sourceTree = "<group>"; };
		86D0F5D091DC9835C36C4025 /* ItemProcessor.swift */ = {isa = PBXFileReference; lastKnownFileType = sourcecode.swift; path = ItemProcessor.swift; sourceTree = "<group>"; };
		91A005AE604A66346FB49806 /* SavedItem+Editing.swift */ = {isa = PBXFileReference; lastKnownFileType = sourcecode.swift; path = "SavedItem+Editing.swift"; sourceTree = "<group>"; };
		924B43E35506849A34E7C924 /* OCR.swift */ = {isa = PBXFileReference; lastKnownFileType = sourcecode.swift; path = OCR.swift; sourceTree = "<group>"; };
		9380D2CC059E97017FE75B19 /* CaptureTitle.swift */ = {isa = PBXFileReference; lastKnownFileType = sourcecode.swift; path = CaptureTitle.swift; sourceTree = "<group>"; };
		9A7B55E97D033825AEF5FF9D /* TranslationBridge.swift */ = {isa = PBXFileReference; lastKnownFileType = sourcecode.swift; path = TranslationBridge.swift; sourceTree = "<group>"; };
		9C47C534B5199C5199E4224B /* ItemPresentation.swift */ = {isa = PBXFileReference; lastKnownFileType = sourcecode.swift; path = ItemPresentation.swift; sourceTree = "<group>"; };
		9D6B96B35C47C2DA51848AAB /* FMAnalyzer.swift */ = {isa = PBXFileReference; lastKnownFileType = sourcecode.swift; path = FMAnalyzer.swift; sourceTree = "<group>"; };
		9EBB4A344E06C3C986803BF6 /* ItemProcessorTests.swift */ = {isa = PBXFileReference; lastKnownFileType = sourcecode.swift; path = ItemProcessorTests.swift; sourceTree = "<group>"; };
		AC10E174C5D8EDFB9CFEEE5E /* KnooqApp.swift */ = {isa = PBXFileReference; lastKnownFileType = sourcecode.swift; path = KnooqApp.swift; sourceTree = "<group>"; };
		AD65A34466775F3C489BDA1C /* RawType.swift */ = {isa = PBXFileReference; lastKnownFileType = sourcecode.swift; path = RawType.swift; sourceTree = "<group>"; };
		AEA1B00F65555DEFC0BDBDFA /* CategoryStoreTests.swift */ = {isa = PBXFileReference; lastKnownFileType = sourcecode.swift; path = CategoryStoreTests.swift; sourceTree = "<group>"; };
		B20053AC8618D042771A0782 /* CaptureQueueTests.swift */ = {isa = PBXFileReference; lastKnownFileType = sourcecode.swift; path = CaptureQueueTests.swift; sourceTree = "<group>"; };
		B3BF3DA13BA56A6A6344AE99 /* LinkMetadataCache.swift */ = {isa = PBXFileReference; lastKnownFileType = sourcecode.swift; path = LinkMetadataCache.swift; sourceTree = "<group>"; };
		B4B0054A6E4FCECF1166BF25 /* Knooq.app */ = {isa = PBXFileReference; includeInIndex = 0; lastKnownFileType = wrapper.application; path = Knooq.app; sourceTree = BUILT_PRODUCTS_DIR; };
		C0DD017CBC30C3BBE2C12E68 /* Assets.xcassets */ = {isa = PBXFileReference; lastKnownFileType = folder.assetcatalog; path = Assets.xcassets; sourceTree = "<group>"; };
		C196E73C7747E9A57FE0ACCE /* URLTextExtractorTests.swift */ = {isa = PBXFileReference; lastKnownFileType = sourcecode.swift; path = URLTextExtractorTests.swift; sourceTree = "<group>"; };
		C5C99A9673AD13314443C9AD /* NudgeEngine.swift */ = {isa = PBXFileReference; lastKnownFileType = sourcecode.swift; path = NudgeEngine.swift; sourceTree = "<group>"; };
		C7E28893B215C7AF466E9600 /* ItemStatus.swift */ = {isa = PBXFileReference; lastKnownFileType = sourcecode.swift; path = ItemStatus.swift; sourceTree = "<group>"; };
		C8D33807DB1E67D12027B1C9 /* KnooqKitTests.swift */ = {isa = PBXFileReference; lastKnownFileType = sourcecode.swift; path = KnooqKitTests.swift; sourceTree = "<group>"; };
		CB4F25370E3B786C1E2A9736 /* Info.plist */ = {isa = PBXFileReference; lastKnownFileType = text.plist; path = Info.plist; sourceTree = "<group>"; };
		CBB176A3E8EFB20729AB1166 /* ImageTextExtractor.swift */ = {isa = PBXFileReference; lastKnownFileType = sourcecode.swift; path = ImageTextExtractor.swift; sourceTree = "<group>"; };
		CC59D1E4A834E6BBEDE6D99F /* ItemFilter.swift */ = {isa = PBXFileReference; lastKnownFileType = sourcecode.swift; path = ItemFilter.swift; sourceTree = "<group>"; };
		CE13875FF729AB8A772DCDC9 /* NudgeSettingsTests.swift */ = {isa = PBXFileReference; lastKnownFileType = sourcecode.swift; path = NudgeSettingsTests.swift; sourceTree = "<group>"; };
		D3882B8FD6A2DE85BFB42992 /* CompositeTextExtractorTests.swift */ = {isa = PBXFileReference; lastKnownFileType = sourcecode.swift; path = CompositeTextExtractorTests.swift; sourceTree = "<group>"; };
		D54711AAA8E5401A3DCC45B8 /* Categories.swift */ = {isa = PBXFileReference; lastKnownFileType = sourcecode.swift; path = Categories.swift; sourceTree = "<group>"; };
		DCD80C1F71379047BACD3049 /* ImageStoreTests.swift */ = {isa = PBXFileReference; lastKnownFileType = sourcecode.swift; path = ImageStoreTests.swift; sourceTree = "<group>"; };
		E055EED455A89D1AF0B5FC71 /* CategoryView.swift */ = {isa = PBXFileReference; lastKnownFileType = sourcecode.swift; path = CategoryView.swift; sourceTree = "<group>"; };
		E386F4B58C6591D8E6034A58 /* Folders.swift */ = {isa = PBXFileReference; lastKnownFileType = sourcecode.swift; path = Folders.swift; sourceTree = "<group>"; };
		E517B9DCEFDF8460E45C464C /* LanguageDetector.swift */ = {isa = PBXFileReference; lastKnownFileType = sourcecode.swift; path = LanguageDetector.swift; sourceTree = "<group>"; };
		E5794EAC3A84EA8AFA20EBC7 /* ImageStore.swift */ = {isa = PBXFileReference; lastKnownFileType = sourcecode.swift; path = ImageStore.swift; sourceTree = "<group>"; };
		E6956B44CF9E94B815FFFDDA /* Logging.swift */ = {isa = PBXFileReference; lastKnownFileType = sourcecode.swift; path = Logging.swift; sourceTree = "<group>"; };
		E7402AB49EF617B773080EF8 /* ShareCaptureView.swift */ = {isa = PBXFileReference; lastKnownFileType = sourcecode.swift; path = ShareCaptureView.swift; sourceTree = "<group>"; };
		E74D4D8585D36225BB93ED72 /* OnboardingView.swift */ = {isa = PBXFileReference; lastKnownFileType = sourcecode.swift; path = OnboardingView.swift; sourceTree = "<group>"; };
		EB1E6A965C1D3C8E3DE73339 /* ProtocolsTests.swift */ = {isa = PBXFileReference; lastKnownFileType = sourcecode.swift; path = ProtocolsTests.swift; sourceTree = "<group>"; };
		F8D6C342725905C15F178A9C /* LinkPreview.swift */ = {isa = PBXFileReference; lastKnownFileType = sourcecode.swift; path = LinkPreview.swift; sourceTree = "<group>"; };
		FAC4EF6868F2F7DD851A1D39 /* KnooqTests.swift */ = {isa = PBXFileReference; lastKnownFileType = sourcecode.swift; path = KnooqTests.swift; sourceTree = "<group>"; };
		FAFABBB813035AFFACA972A5 /* OnboardingStoreTests.swift */ = {isa = PBXFileReference; lastKnownFileType = sourcecode.swift; path = OnboardingStoreTests.swift; sourceTree = "<group>"; };
		FC51D26B26705818AE4AAA95 /* NudgeRunnerTests.swift */ = {isa = PBXFileReference; lastKnownFileType = sourcecode.swift; path = NudgeRunnerTests.swift; sourceTree = "<group>"; };
		FD5811FCB39CFA97B1936890 /* TextExtractor.swift */ = {isa = PBXFileReference; lastKnownFileType = sourcecode.swift; path = TextExtractor.swift; sourceTree = "<group>"; };
/* End PBXFileReference section */

/* Begin PBXFrameworksBuildPhase section */
		2F268F37307D0FE169CEEE8C /* Frameworks */ = {
			isa = PBXFrameworksBuildPhase;
			buildActionMask = 2147483647;
			files = (
				59D3CFE27472765E2D4D034C /* KnooqKit.framework in Frameworks */,
			);
			runOnlyForDeploymentPostprocessing = 0;
		};
		5948BC7B8F05B81E3C6E431E /* Frameworks */ = {
			isa = PBXFrameworksBuildPhase;
			buildActionMask = 2147483647;
			files = (
				5443882E139882317A13A1DD /* KnooqKit.framework in Frameworks */,
			);
			runOnlyForDeploymentPostprocessing = 0;
		};
		C544706343CA2C67E4BE173E /* Frameworks */ = {
			isa = PBXFrameworksBuildPhase;
			buildActionMask = 2147483647;
			files = (
				9F764F90A097A812134F850C /* KnooqKit.framework in Frameworks */,
			);
			runOnlyForDeploymentPostprocessing = 0;
		};
/* End PBXFrameworksBuildPhase section */

/* Begin PBXGroup section */
		263B00B9CEB5849F8FB590C0 /* Support */ = {
			isa = PBXGroup;
			children = (
				7BECB8B3BFB742BCE21FECA4 /* Stubs.swift */,
			);
			path = Support;
			sourceTree = "<group>";
		};
		2A79D8EA8931D09FD58F0BEA /* Services */ = {
			isa = PBXGroup;
			children = (
				9380D2CC059E97017FE75B19 /* CaptureTitle.swift */,
				E386F4B58C6591D8E6034A58 /* Folders.swift */,
				CC59D1E4A834E6BBEDE6D99F /* ItemFilter.swift */,
				86D0F5D091DC9835C36C4025 /* ItemProcessor.swift */,
				E517B9DCEFDF8460E45C464C /* LanguageDetector.swift */,
				C5C99A9673AD13314443C9AD /* NudgeEngine.swift */,
				1BE0F5D604C84F4CEA45FDC9 /* NudgeRunner.swift */,
				7DD39039FC716460BEC66D5B /* TranslatingAnalyzer.swift */,
			);
			path = Services;
			sourceTree = "<group>";
		};
		2F0C6410233C524F40A80D0E /* KnooqKitTests */ = {
			isa = PBXGroup;
			children = (
				B20053AC8618D042771A0782 /* CaptureQueueTests.swift */,
				3B34516A79FCB2E7D705CED3 /* CaptureTitleTests.swift */,
				AEA1B00F65555DEFC0BDBDFA /* CategoryStoreTests.swift */,
				DCD80C1F71379047BACD3049 /* ImageStoreTests.swift */,
				036EBAF62486003CB390260D /* ItemAnalysisValidationTests.swift */,
				6D8D8AEE496625F6EE6A2B84 /* ItemFilterTests.swift */,
				9EBB4A344E06C3C986803BF6 /* ItemProcessorTests.swift */,
				C8D33807DB1E67D12027B1C9 /* KnooqKitTests.swift */,
				7FA8E55FDA570FE43EB5595D /* ModelsTests.swift */,
				61EAD30BC1504E0240FEC57D /* NudgeEngineTests.swift */,
				FC51D26B26705818AE4AAA95 /* NudgeRunnerTests.swift */,
				CE13875FF729AB8A772DCDC9 /* NudgeSettingsTests.swift */,
				FAFABBB813035AFFACA972A5 /* OnboardingStoreTests.swift */,
				EB1E6A965C1D3C8E3DE73339 /* ProtocolsTests.swift */,
				4935901E07CE62E50075AFD7 /* SavedItemEditingTests.swift */,
				5B85A97A8E46967EC6B28665 /* TranslatingAnalyzerTests.swift */,
				263B00B9CEB5849F8FB590C0 /* Support */,
			);
			path = KnooqKitTests;
			sourceTree = "<group>";
		};
		3C4C2F413043B8A36BCDC705 /* Protocols */ = {
			isa = PBXGroup;
			children = (
				56A3DB084941D168EBB075C8 /* Analyzer.swift */,
				1FF4525AD8B3281F03EB2899 /* DateProvider.swift */,
				15FA56271CAD8DFAB16921A9 /* Notifier.swift */,
				FD5811FCB39CFA97B1936890 /* TextExtractor.swift */,
				174932869EE22AB667548654 /* TextTranslator.swift */,
			);
			path = Protocols;
			sourceTree = "<group>";
		};
		53837C5D1DD155B622906646 /* Products */ = {
			isa = PBXGroup;
			children = (
				B4B0054A6E4FCECF1166BF25 /* Knooq.app */,
				1258FB5BC333B7418BABDB8C /* KnooqKit.framework */,
				048922BCF10B7A4A5A1A7E22 /* KnooqKitTests.xctest */,
				22D863E1A454C0BF93D4994A /* KnooqShare.appex */,
				073EA331E97FAD5268A1B8C6 /* KnooqTests.xctest */,
			);
			name = Products;
			sourceTree = "<group>";
		};
		63EF66D3553792E1015E5F7C = {
			isa = PBXGroup;
			children = (
				BCE3E6C10FA5BBDC389C09E2 /* Knooq */,
				A5516F3AA4F31803C4D17BB8 /* KnooqKit */,
				2F0C6410233C524F40A80D0E /* KnooqKitTests */,
				F706B82E37C39BE6E7EC4A38 /* KnooqShare */,
				9898C8E8D566FEB496CA93A9 /* KnooqTests */,
				E7028FB60DE5A658FB592A1E /* Shared */,
				53837C5D1DD155B622906646 /* Products */,
			);
			sourceTree = "<group>";
		};
		899E921C61F552969B61F6CC /* Sources */ = {
			isa = PBXGroup;
			children = (
				E498C298A32087A2D271E332 /* KnooqKit */,
			);
			path = Sources;
			sourceTree = "<group>";
		};
		9898C8E8D566FEB496CA93A9 /* KnooqTests */ = {
			isa = PBXGroup;
			children = (
				D3882B8FD6A2DE85BFB42992 /* CompositeTextExtractorTests.swift */,
				2482522FE718941008D7CEB5 /* ImageTextExtractorTests.swift */,
				FAC4EF6868F2F7DD851A1D39 /* KnooqTests.swift */,
				C196E73C7747E9A57FE0ACCE /* URLTextExtractorTests.swift */,
			);
			path = KnooqTests;
			sourceTree = "<group>";
		};
		A5516F3AA4F31803C4D17BB8 /* KnooqKit */ = {
			isa = PBXGroup;
			children = (
				899E921C61F552969B61F6CC /* Sources */,
			);
			path = KnooqKit;
			sourceTree = "<group>";
		};
		ACE5F8AE8E4F3E82A02C14CE /* Models */ = {
			isa = PBXGroup;
			children = (
				D54711AAA8E5401A3DCC45B8 /* Categories.swift */,
				C7E28893B215C7AF466E9600 /* ItemStatus.swift */,
				AD65A34466775F3C489BDA1C /* RawType.swift */,
				4A45AB2BE304F024F794B73A /* SavedItem.swift */,
				91A005AE604A66346FB49806 /* SavedItem+Editing.swift */,
			);
			path = Models;
			sourceTree = "<group>";
		};
		B5CFB42E2582E5959054C857 /* Services */ = {
			isa = PBXGroup;
			children = (
				61FB2DE80F45751229AFEE23 /* CompositeTextExtractor.swift */,
				9D6B96B35C47C2DA51848AAB /* FMAnalyzer.swift */,
				CBB176A3E8EFB20729AB1166 /* ImageTextExtractor.swift */,
				6FB4DBCE1BDA54997EEA26D5 /* NudgeScheduler.swift */,
				924B43E35506849A34E7C924 /* OCR.swift */,
				57ECA7088BAC020FF4CCF871 /* PDFTextExtractor.swift */,
				9A7B55E97D033825AEF5FF9D /* TranslationBridge.swift */,
				0690A62CC20FE9924148FAC9 /* UNNotifier.swift */,
				2822BC8214D4B7C8FF76AA2A /* URLTextExtractor.swift */,
			);
			path = Services;
			sourceTree = "<group>";
		};
		BCE3E6C10FA5BBDC389C09E2 /* Knooq */ = {
			isa = PBXGroup;
			children = (
				2FE65EAF7F85E9406485A25C /* AppServices.swift */,
				C0DD017CBC30C3BBE2C12E68 /* Assets.xcassets */,
				CB4F25370E3B786C1E2A9736 /* Info.plist */,
				102AD9DCE3947D04A5BF7A4B /* Knooq.entitlements */,
				AC10E174C5D8EDFB9CFEEE5E /* KnooqApp.swift */,
				D1116D8719F315BC30279D77 /* Resources */,
				B5CFB42E2582E5959054C857 /* Services */,
				E0D1831C611B151C94ED3FA9 /* Views */,
			);
			path = Knooq;
			sourceTree = "<group>";
		};
		D1116D8719F315BC30279D77 /* Resources */ = {
			isa = PBXGroup;
			children = (
				258DA1822F9DAE3398611B7D /* Readability.js */,
			);
			path = Resources;
			sourceTree = "<group>";
		};
		E0D1831C611B151C94ED3FA9 /* Views */ = {
			isa = PBXGroup;
			children = (
				77206546058608884B7AF211 /* AvailabilityGateView.swift */,
				E055EED455A89D1AF0B5FC71 /* CategoryView.swift */,
				32B5CACBCB91B0327953A229 /* InboxView.swift */,
				6322192314409686B7865877 /* ItemDetailView.swift */,
				9C47C534B5199C5199E4224B /* ItemPresentation.swift */,
				2AFBC680DD08B7AE4C9FD4AE /* LanguageSupport.swift */,
				E74D4D8585D36225BB93ED72 /* OnboardingView.swift */,
				40C5A05DB603CBBA14089917 /* PreviewSupport.swift */,
				77CF5D73ABFE7A1FA32F282B /* RemindersView.swift */,
				11518C6360C5F20FCFEF72BC /* SettingsView.swift */,
			);
			path = Views;
			sourceTree = "<group>";
		};
		E498C298A32087A2D271E332 /* KnooqKit */ = {
			isa = PBXGroup;
			children = (
				088932655230EE40E97ACC2C /* KnooqKit.swift */,
				E6956B44CF9E94B815FFFDDA /* Logging.swift */,
				ACE5F8AE8E4F3E82A02C14CE /* Models */,
				3C4C2F413043B8A36BCDC705 /* Protocols */,
				2A79D8EA8931D09FD58F0BEA /* Services */,
				EC825AB4FEB9DB96FB62A9D2 /* Store */,
			);
			path = KnooqKit;
			sourceTree = "<group>";
		};
		E7028FB60DE5A658FB592A1E /* Shared */ = {
			isa = PBXGroup;
			children = (
				B3BF3DA13BA56A6A6344AE99 /* LinkMetadataCache.swift */,
				F8D6C342725905C15F178A9C /* LinkPreview.swift */,
			);
			path = Shared;
			sourceTree = "<group>";
		};
		EC825AB4FEB9DB96FB62A9D2 /* Store */ = {
			isa = PBXGroup;
			children = (
				526B965F1B59F705C170AB15 /* CaptureQueue.swift */,
				272C3E40CA2289405EAC4361 /* CategoryStore.swift */,
				E5794EAC3A84EA8AFA20EBC7 /* ImageStore.swift */,
				415D64DFAFA16D0A9874205E /* KnooqStore.swift */,
				863A842BE91CD9FD84F3F94B /* NudgeSettings.swift */,
				7E14C6E15608DB61B141471B /* OnboardingStore.swift */,
			);
			path = Store;
			sourceTree = "<group>";
		};
		F706B82E37C39BE6E7EC4A38 /* KnooqShare */ = {
			isa = PBXGroup;
			children = (
				63D5925E656046C51B41A7E8 /* Info.plist */,
				860CE33B8F422BB0AADD7CA5 /* KnooqShare.entitlements */,
				E7402AB49EF617B773080EF8 /* ShareCaptureView.swift */,
				2FF56894C804BCF2C9D9A312 /* ShareViewController.swift */,
			);
			path = KnooqShare;
			sourceTree = "<group>";
		};
/* End PBXGroup section */

/* Begin PBXNativeTarget section */
		68E55609ECA1A6610A2131BA /* KnooqTests */ = {
			isa = PBXNativeTarget;
			buildConfigurationList = 82679A112E3A0641A601AF1D /* Build configuration list for PBXNativeTarget "KnooqTests" */;
			buildPhases = (
				A016C210E43C48BEA22ECFCD /* Sources */,
			);
			buildRules = (
			);
			dependencies = (
				62FE0312DF251E24FC58474F /* PBXTargetDependency */,
			);
			name = KnooqTests;
			packageProductDependencies = (
			);
			productName = KnooqTests;
			productReference = 073EA331E97FAD5268A1B8C6 /* KnooqTests.xctest */;
			productType = "com.apple.product-type.bundle.unit-test";
		};
		98FA4402F8A34FB2A2DF6F8A /* KnooqShare */ = {
			isa = PBXNativeTarget;
			buildConfigurationList = BAC92C84785128D6E513FB19 /* Build configuration list for PBXNativeTarget "KnooqShare" */;
			buildPhases = (
				14C41FB302CE52DF7934F6A0 /* Sources */,
				C544706343CA2C67E4BE173E /* Frameworks */,
			);
			buildRules = (
			);
			dependencies = (
				C29985E8084942D01879F44B /* PBXTargetDependency */,
			);
			name = KnooqShare;
			packageProductDependencies = (
			);
			productName = KnooqShare;
			productReference = 22D863E1A454C0BF93D4994A /* KnooqShare.appex */;
			productType = "com.apple.product-type.app-extension";
		};
		C780993657AA5C3548EC1083 /* Knooq */ = {
			isa = PBXNativeTarget;
			buildConfigurationList = 920EC0666273D8F5682B0F33 /* Build configuration list for PBXNativeTarget "Knooq" */;
			buildPhases = (
				D708A589FA1C3EEB33F2D849 /* Sources */,
				08EE5E23C0157CF58E27A438 /* Resources */,
				2F268F37307D0FE169CEEE8C /* Frameworks */,
				B0F60FEC2FC397D08A1CA0CB /* Embed Foundation Extensions */,
				16D524CA542B76B4A3398534 /* Embed Frameworks */,
			);
			buildRules = (
			);
			dependencies = (
				D263696540F3B8E47D38521C /* PBXTargetDependency */,
				58A86FB5C5907A4642722826 /* PBXTargetDependency */,
			);
			name = Knooq;
			packageProductDependencies = (
			);
			productName = Knooq;
			productReference = B4B0054A6E4FCECF1166BF25 /* Knooq.app */;
			productType = "com.apple.product-type.application";
		};
		CA69C317136B91E49E3B649B /* KnooqKit */ = {
			isa = PBXNativeTarget;
			buildConfigurationList = 8D7533A372FD08B384B8BF11 /* Build configuration list for PBXNativeTarget "KnooqKit" */;
			buildPhases = (
				BBA97C4AA2BE079640CC8384 /* Sources */,
			);
			buildRules = (
			);
			dependencies = (
			);
			name = KnooqKit;
			packageProductDependencies = (
			);
			productName = KnooqKit;
			productReference = 1258FB5BC333B7418BABDB8C /* KnooqKit.framework */;
			productType = "com.apple.product-type.framework";
		};
		E9AAB3C7ABDEF5C4304187C7 /* KnooqKitTests */ = {
			isa = PBXNativeTarget;
			buildConfigurationList = 41BDFE06D965642356252613 /* Build configuration list for PBXNativeTarget "KnooqKitTests" */;
			buildPhases = (
				DF9AF469E0B42AA76195FFB5 /* Sources */,
				5948BC7B8F05B81E3C6E431E /* Frameworks */,
				05338609EC3E8696A00E6EFD /* Embed Frameworks */,
			);
			buildRules = (
			);
			dependencies = (
				B25E0030B036DF32D5DA7805 /* PBXTargetDependency */,
			);
			name = KnooqKitTests;
			packageProductDependencies = (
			);
			productName = KnooqKitTests;
			productReference = 048922BCF10B7A4A5A1A7E22 /* KnooqKitTests.xctest */;
			productType = "com.apple.product-type.bundle.unit-test";
		};
/* End PBXNativeTarget section */

/* Begin PBXProject section */
		4C2688E0AA8BE3783CBE7A05 /* Project object */ = {
			isa = PBXProject;
			attributes = {
				BuildIndependentTargetsInParallel = YES;
				LastUpgradeCheck = 2640;
				TargetAttributes = {
					68E55609ECA1A6610A2131BA = {
						DevelopmentTeam = KT9486C6K8;
						ProvisioningStyle = Automatic;
					};
					98FA4402F8A34FB2A2DF6F8A = {
						DevelopmentTeam = KT9486C6K8;
						ProvisioningStyle = Automatic;
					};
					C780993657AA5C3548EC1083 = {
						DevelopmentTeam = KT9486C6K8;
						ProvisioningStyle = Automatic;
					};
					CA69C317136B91E49E3B649B = {
						DevelopmentTeam = KT9486C6K8;
						ProvisioningStyle = Automatic;
					};
					E9AAB3C7ABDEF5C4304187C7 = {
						DevelopmentTeam = KT9486C6K8;
						ProvisioningStyle = Automatic;
					};
				};
			};
			buildConfigurationList = 25B05C5DD19162BA41F175CD /* Build configuration list for PBXProject "Knooq" */;
			compatibilityVersion = "Xcode 14.0";
			developmentRegion = en;
			hasScannedForEncodings = 0;
			knownRegions = (
				Base,
				en,
			);
			mainGroup = 63EF66D3553792E1015E5F7C;
			minimizedProjectReferenceProxies = 1;
			preferredProjectObjectVersion = 77;
			projectDirPath = "";
			projectRoot = "";
			targets = (
				C780993657AA5C3548EC1083 /* Knooq */,
				CA69C317136B91E49E3B649B /* KnooqKit */,
				E9AAB3C7ABDEF5C4304187C7 /* KnooqKitTests */,
				98FA4402F8A34FB2A2DF6F8A /* KnooqShare */,
				68E55609ECA1A6610A2131BA /* KnooqTests */,
			);
		};
/* End PBXProject section */

/* Begin PBXResourcesBuildPhase section */
		08EE5E23C0157CF58E27A438 /* Resources */ = {
			isa = PBXResourcesBuildPhase;
			buildActionMask = 2147483647;
			files = (
				8B3A7A6E90F6674784FB619A /* Assets.xcassets in Resources */,
				780A6468F56D99A5E0D893C0 /* Readability.js in Resources */,
			);
			runOnlyForDeploymentPostprocessing = 0;
		};
/* End PBXResourcesBuildPhase section */

/* Begin PBXSourcesBuildPhase section */
		14C41FB302CE52DF7934F6A0 /* Sources */ = {
			isa = PBXSourcesBuildPhase;
			buildActionMask = 2147483647;
			files = (
				75BF66BAEE432C1A2E6A26F6 /* LinkMetadataCache.swift in Sources */,
				07DC70374F758E9ED95C52EB /* LinkPreview.swift in Sources */,
				1CFD17BB0A2FA6FC727D2F4D /* ShareCaptureView.swift in Sources */,
				1C0A379BEC414F2D1E7E2D8D /* ShareViewController.swift in Sources */,
			);
			runOnlyForDeploymentPostprocessing = 0;
		};
		A016C210E43C48BEA22ECFCD /* Sources */ = {
			isa = PBXSourcesBuildPhase;
			buildActionMask = 2147483647;
			files = (
				109E5A4CCBB715C26F3CB744 /* CompositeTextExtractorTests.swift in Sources */,
				AA68EEA3F7A74707E34B5593 /* ImageTextExtractorTests.swift in Sources */,
				ACD69F93D8D97C2F3FCCCA0D /* KnooqTests.swift in Sources */,
				4A7BF38A65BC1FFC7A06D093 /* URLTextExtractorTests.swift in Sources */,
			);
			runOnlyForDeploymentPostprocessing = 0;
		};
		BBA97C4AA2BE079640CC8384 /* Sources */ = {
			isa = PBXSourcesBuildPhase;
			buildActionMask = 2147483647;
			files = (
				0110258018370390BE53B24E /* Analyzer.swift in Sources */,
				87973BCE54AB23F7FF0511D0 /* CaptureQueue.swift in Sources */,
				F2969DB8C3BFFBC1F703456B /* CaptureTitle.swift in Sources */,
				8C0A08A5606BB68A63918A00 /* Categories.swift in Sources */,
				146D205C00A29DE958AA2255 /* CategoryStore.swift in Sources */,
				1955BFC79B3C2A7A2C22BDEF /* DateProvider.swift in Sources */,
				FBB061B9DA95428866030EBC /* Folders.swift in Sources */,
				618CA9B99ECABC85AF9FEC3A /* ImageStore.swift in Sources */,
				ECA9A442D35200580A37B3A2 /* ItemFilter.swift in Sources */,
				F825E95BF10472F4F0FDC0A0 /* ItemProcessor.swift in Sources */,
				7AF705D8F873D02BF432F8B2 /* ItemStatus.swift in Sources */,
				585E7DCF5135603A2E5EF115 /* KnooqKit.swift in Sources */,
				E902E80C1D90F6593B1FA419 /* KnooqStore.swift in Sources */,
				6D52BC5C411ED82D65EFF64A /* LanguageDetector.swift in Sources */,
				C3A0D9977309BAB13F9CB7AC /* Logging.swift in Sources */,
				122856E876F08C39F4FEAF05 /* Notifier.swift in Sources */,
				F23A6007A732DE86C1C9C369 /* NudgeEngine.swift in Sources */,
				2A49A00DC133BD54C40F09A0 /* NudgeRunner.swift in Sources */,
				182E87E86D33042B4CE2EFDD /* NudgeSettings.swift in Sources */,
				97D5B6C2719A33A8FDA47EA7 /* OnboardingStore.swift in Sources */,
				4F989752ECBD161DEF186215 /* RawType.swift in Sources */,
				3FBD52350BD12329D94E491E /* SavedItem+Editing.swift in Sources */,
				6AA92091A2F37811DDA86F34 /* SavedItem.swift in Sources */,
				0FEC2B1F836A76FB26FACB5E /* TextExtractor.swift in Sources */,
				3C44D0AFDCD33F11599ED53F /* TextTranslator.swift in Sources */,
				6FDB8563A9AE57573304BE23 /* TranslatingAnalyzer.swift in Sources */,
			);
			runOnlyForDeploymentPostprocessing = 0;
		};
		D708A589FA1C3EEB33F2D849 /* Sources */ = {
			isa = PBXSourcesBuildPhase;
			buildActionMask = 2147483647;
			files = (
				8661679BE1DCD1B90C3C4D84 /* AppServices.swift in Sources */,
				2337A36BEA34311AA9B3A778 /* AvailabilityGateView.swift in Sources */,
				141E9AD1A59372926ECA2800 /* CategoryView.swift in Sources */,
				7C5E206087F7F26F9F97D4BE /* CompositeTextExtractor.swift in Sources */,
				1E83A09816A7042285A6A9C6 /* FMAnalyzer.swift in Sources */,
				0AA0438DEF30ECC22DB17C7E /* ImageTextExtractor.swift in Sources */,
				C3226A4BE7668F7386A6F0C7 /* InboxView.swift in Sources */,
				757248427991FAD86867C524 /* ItemDetailView.swift in Sources */,
				7612EC4FECA102C2CE02BEEE /* ItemPresentation.swift in Sources */,
				BA57DEAE31C2B85D5B365D5C /* KnooqApp.swift in Sources */,
				6381642EE1C8EB16ABBA181C /* LanguageSupport.swift in Sources */,
				DB9AA294F912271D5B334878 /* LinkMetadataCache.swift in Sources */,
				3D692186B9879B5AFB956261 /* LinkPreview.swift in Sources */,
				B27B1F68F32777F4A3F5FF81 /* NudgeScheduler.swift in Sources */,
				3F7EED84FC64F69104AFE2A7 /* OCR.swift in Sources */,
				EF372691D46B098139B7FBDA /* OnboardingView.swift in Sources */,
				7CCE42B5C4AC1AD7670E976F /* PDFTextExtractor.swift in Sources */,
				ABBFCAEBCD714473B2E7B0E4 /* PreviewSupport.swift in Sources */,
				03C2D0C82A34598425BBECFF /* RemindersView.swift in Sources */,
				1A16AE9468E8795B3C38A197 /* SettingsView.swift in Sources */,
				A44094BCF3D31705930D7193 /* TranslationBridge.swift in Sources */,
				4EA0271468CA1A32B4364770 /* UNNotifier.swift in Sources */,
				D552BB2864807C82331C323B /* URLTextExtractor.swift in Sources */,
			);
			runOnlyForDeploymentPostprocessing = 0;
		};
		DF9AF469E0B42AA76195FFB5 /* Sources */ = {
			isa = PBXSourcesBuildPhase;
			buildActionMask = 2147483647;
			files = (
				8B2FEB9D3D8533581DBCF1A3 /* CaptureQueueTests.swift in Sources */,
				A8513A1447F3B8821D576CBF /* CaptureTitleTests.swift in Sources */,
				C397A4F8FEACBC66B71C588B /* CategoryStoreTests.swift in Sources */,
				6441494AB1F8640D790A4CC1 /* ImageStoreTests.swift in Sources */,
				93A5BE783EFA4F7544231086 /* ItemAnalysisValidationTests.swift in Sources */,
				78569AA73D279C1FDC5387A7 /* ItemFilterTests.swift in Sources */,
				2FC6CBBF9D0EFECD66F820D5 /* ItemProcessorTests.swift in Sources */,
				4A617A9FE8C8822C04606A8F /* KnooqKitTests.swift in Sources */,
				FA824315F8A252C2EC0256CA /* ModelsTests.swift in Sources */,
				5C1E114A8C306D80C34A0C18 /* NudgeEngineTests.swift in Sources */,
				5C2CB5E4C7C0561742376A48 /* NudgeRunnerTests.swift in Sources */,
				204AE187A753149D77520AD2 /* NudgeSettingsTests.swift in Sources */,
				D6CAA7DCC76A677F6B573B47 /* OnboardingStoreTests.swift in Sources */,
				D1EB1002F348E3C440496102 /* ProtocolsTests.swift in Sources */,
				2BD99444EA4AEAD817674DC7 /* SavedItemEditingTests.swift in Sources */,
				C516C483D95D084DDC693458 /* Stubs.swift in Sources */,
				6B45B4075DC2FA3D1532A307 /* TranslatingAnalyzerTests.swift in Sources */,
			);
			runOnlyForDeploymentPostprocessing = 0;
		};
/* End PBXSourcesBuildPhase section */

/* Begin PBXTargetDependency section */
		58A86FB5C5907A4642722826 /* PBXTargetDependency */ = {
			isa = PBXTargetDependency;
			target = 98FA4402F8A34FB2A2DF6F8A /* KnooqShare */;
			targetProxy = C1152FB965B23BCB2CDA6F6A /* PBXContainerItemProxy */;
		};
		62FE0312DF251E24FC58474F /* PBXTargetDependency */ = {
			isa = PBXTargetDependency;
			target = C780993657AA5C3548EC1083 /* Knooq */;
			targetProxy = EAEE5375B583320FF8E47AF9 /* PBXContainerItemProxy */;
		};
		B25E0030B036DF32D5DA7805 /* PBXTargetDependency */ = {
			isa = PBXTargetDependency;
			target = CA69C317136B91E49E3B649B /* KnooqKit */;
			targetProxy = 79F4F6DD0B719EF05871562F /* PBXContainerItemProxy */;
		};
		C29985E8084942D01879F44B /* PBXTargetDependency */ = {
			isa = PBXTargetDependency;
			target = CA69C317136B91E49E3B649B /* KnooqKit */;
			targetProxy = C0AB721A6BC6FBDD709681B1 /* PBXContainerItemProxy */;
		};
		D263696540F3B8E47D38521C /* PBXTargetDependency */ = {
			isa = PBXTargetDependency;
			target = CA69C317136B91E49E3B649B /* KnooqKit */;
			targetProxy = D828F34DA670C69F09CB8360 /* PBXContainerItemProxy */;
		};
/* End PBXTargetDependency section */

/* Begin XCBuildConfiguration section */
		0AC7C164FE06BA8708329194 /* Debug */ = {
			isa = XCBuildConfiguration;
			buildSettings = {
				BUNDLE_LOADER = "$(TEST_HOST)";
				LD_RUNPATH_SEARCH_PATHS = (
					"$(inherited)",
					"@executable_path/Frameworks",
					"@loader_path/Frameworks",
				);
				PRODUCT_BUNDLE_IDENTIFIER = app.knooq.ios.tests;
				SDKROOT = iphoneos;
				TARGETED_DEVICE_FAMILY = "1,2";
				TEST_HOST = "$(BUILT_PRODUCTS_DIR)/Knooq.app/Knooq";
			};
			name = Debug;
		};
		28F5A15C545A783D257A706A /* Release */ = {
			isa = XCBuildConfiguration;
			buildSettings = {
				BUNDLE_LOADER = "$(TEST_HOST)";
				LD_RUNPATH_SEARCH_PATHS = (
					"$(inherited)",
					"@executable_path/Frameworks",
					"@loader_path/Frameworks",
				);
				PRODUCT_BUNDLE_IDENTIFIER = app.knooq.ios.kit.tests;
				SDKROOT = iphoneos;
				TARGETED_DEVICE_FAMILY = "1,2";
			};
			name = Release;
		};
		5A53F688F18B6CF0A71212BC /* Release */ = {
			isa = XCBuildConfiguration;
			buildSettings = {
				ALWAYS_SEARCH_USER_PATHS = NO;
				ASSETCATALOG_COMPILER_GENERATE_SWIFT_ASSET_SYMBOL_EXTENSIONS = YES;
				CLANG_ANALYZER_NONNULL = YES;
				CLANG_ANALYZER_NUMBER_OBJECT_CONVERSION = YES_AGGRESSIVE;
				CLANG_CXX_LANGUAGE_STANDARD = "gnu++14";
				CLANG_CXX_LIBRARY = "libc++";
				CLANG_ENABLE_MODULES = YES;
				CLANG_ENABLE_OBJC_ARC = YES;
				CLANG_ENABLE_OBJC_WEAK = YES;
				CLANG_WARN_BLOCK_CAPTURE_AUTORELEASING = YES;
				CLANG_WARN_BOOL_CONVERSION = YES;
				CLANG_WARN_COMMA = YES;
				CLANG_WARN_CONSTANT_CONVERSION = YES;
				CLANG_WARN_DEPRECATED_OBJC_IMPLEMENTATIONS = YES;
				CLANG_WARN_DIRECT_OBJC_ISA_USAGE = YES_ERROR;
				CLANG_WARN_DOCUMENTATION_COMMENTS = YES;
				CLANG_WARN_EMPTY_BODY = YES;
				CLANG_WARN_ENUM_CONVERSION = YES;
				CLANG_WARN_INFINITE_RECURSION = YES;
				CLANG_WARN_INT_CONVERSION = YES;
				CLANG_WARN_NON_LITERAL_NULL_CONVERSION = YES;
				CLANG_WARN_OBJC_IMPLICIT_RETAIN_SELF = YES;
				CLANG_WARN_OBJC_LITERAL_CONVERSION = YES;
				CLANG_WARN_OBJC_ROOT_CLASS = YES_ERROR;
				CLANG_WARN_QUOTED_INCLUDE_IN_FRAMEWORK_HEADER = YES;
				CLANG_WARN_RANGE_LOOP_ANALYSIS = YES;
				CLANG_WARN_STRICT_PROTOTYPES = YES;
				CLANG_WARN_SUSPICIOUS_MOVE = YES;
				CLANG_WARN_UNGUARDED_AVAILABILITY = YES_AGGRESSIVE;
				CLANG_WARN_UNREACHABLE_CODE = YES;
				CLANG_WARN__DUPLICATE_METHOD_MATCH = YES;
				CODE_SIGN_STYLE = Automatic;
				COPY_PHASE_STRIP = NO;
				CURRENT_PROJECT_VERSION = 1;
				DEBUG_INFORMATION_FORMAT = "dwarf-with-dsym";
				DEVELOPMENT_TEAM = KT9486C6K8;
				ENABLE_NS_ASSERTIONS = NO;
				ENABLE_STRICT_OBJC_MSGSEND = YES;
				ENABLE_USER_SCRIPT_SANDBOXING = YES;
				GCC_C_LANGUAGE_STANDARD = gnu11;
				GCC_NO_COMMON_BLOCKS = YES;
				GCC_WARN_64_TO_32_BIT_CONVERSION = YES;
				GCC_WARN_ABOUT_RETURN_TYPE = YES_ERROR;
				GCC_WARN_UNDECLARED_SELECTOR = YES;
				GCC_WARN_UNINITIALIZED_AUTOS = YES_AGGRESSIVE;
				GCC_WARN_UNUSED_FUNCTION = YES;
				GCC_WARN_UNUSED_VARIABLE = YES;
				GENERATE_INFOPLIST_FILE = YES;
				IPHONEOS_DEPLOYMENT_TARGET = 26.0;
				MARKETING_VERSION = 1.0.0;
				MTL_ENABLE_DEBUG_INFO = NO;
				MTL_FAST_MATH = YES;
				PRODUCT_NAME = "$(TARGET_NAME)";
				SDKROOT = iphoneos;
				STRING_CATALOG_GENERATE_SYMBOLS = YES;
				SWIFT_COMPILATION_MODE = wholemodule;
				SWIFT_OPTIMIZATION_LEVEL = "-O";
				SWIFT_STRICT_CONCURRENCY = complete;
				SWIFT_VERSION = 6.0;
				TARGETED_DEVICE_FAMILY = 1;
			};
			name = Release;
		};
		5EF5C7D4FE92AF1BB8C03FBF /* Release */ = {
			isa = XCBuildConfiguration;
			buildSettings = {
				ASSETCATALOG_COMPILER_APPICON_NAME = AppIcon;
				CODE_SIGN_ENTITLEMENTS = Knooq/Knooq.entitlements;
				CODE_SIGN_IDENTITY = "iPhone Developer";
				GENERATE_INFOPLIST_FILE = NO;
				INFOPLIST_FILE = Knooq/Info.plist;
				LD_RUNPATH_SEARCH_PATHS = (
					"$(inherited)",
					"@executable_path/Frameworks",
				);
				PRODUCT_BUNDLE_IDENTIFIER = app.knooq.ios;
				SDKROOT = iphoneos;
				SWIFT_STRICT_CONCURRENCY = minimal;
				SWIFT_VERSION = 5.0;
				TARGETED_DEVICE_FAMILY = 1;
			};
			name = Release;
		};
		63F75EF382A93AB7700987A3 /* Debug */ = {
			isa = XCBuildConfiguration;
			buildSettings = {
				BUNDLE_LOADER = "$(TEST_HOST)";
				LD_RUNPATH_SEARCH_PATHS = (
					"$(inherited)",
					"@executable_path/Frameworks",
					"@loader_path/Frameworks",
				);
				PRODUCT_BUNDLE_IDENTIFIER = app.knooq.ios.kit.tests;
				SDKROOT = iphoneos;
				TARGETED_DEVICE_FAMILY = "1,2";
			};
			name = Debug;
		};
		6B861B72F6E88FE72BBAC9E6 /* Release */ = {
			isa = XCBuildConfiguration;
			buildSettings = {
				BUNDLE_LOADER = "$(TEST_HOST)";
				LD_RUNPATH_SEARCH_PATHS = (
					"$(inherited)",
					"@executable_path/Frameworks",
					"@loader_path/Frameworks",
				);
				PRODUCT_BUNDLE_IDENTIFIER = app.knooq.ios.tests;
				SDKROOT = iphoneos;
				TARGETED_DEVICE_FAMILY = "1,2";
				TEST_HOST = "$(BUILT_PRODUCTS_DIR)/Knooq.app/Knooq";
			};
			name = Release;
		};
		B55640CC5D1D2BBD44DE5E6D /* Debug */ = {
			isa = XCBuildConfiguration;
			buildSettings = {
				CODE_SIGN_IDENTITY = "";
				CURRENT_PROJECT_VERSION = 1;
				DEFINES_MODULE = YES;
				DYLIB_COMPATIBILITY_VERSION = 1;
				DYLIB_CURRENT_VERSION = 1;
				DYLIB_INSTALL_NAME_BASE = "@rpath";
				INSTALL_PATH = "$(LOCAL_LIBRARY_DIR)/Frameworks";
				LD_RUNPATH_SEARCH_PATHS = (
					"$(inherited)",
					"@executable_path/Frameworks",
				);
				PRODUCT_BUNDLE_IDENTIFIER = app.knooq.ios.kit;
				SDKROOT = iphoneos;
				SKIP_INSTALL = YES;
				TARGETED_DEVICE_FAMILY = "1,2";
				VERSIONING_SYSTEM = "apple-generic";
			};
			name = Debug;
		};
		BA0A8515D77383EC1BFE1F7B /* Debug */ = {
			isa = XCBuildConfiguration;
			buildSettings = {
				ASSETCATALOG_COMPILER_APPICON_NAME = AppIcon;
				CODE_SIGN_ENTITLEMENTS = Knooq/Knooq.entitlements;
				CODE_SIGN_IDENTITY = "iPhone Developer";
				GENERATE_INFOPLIST_FILE = NO;
				INFOPLIST_FILE = Knooq/Info.plist;
				LD_RUNPATH_SEARCH_PATHS = (
					"$(inherited)",
					"@executable_path/Frameworks",
				);
				PRODUCT_BUNDLE_IDENTIFIER = app.knooq.ios;
				SDKROOT = iphoneos;
				SWIFT_STRICT_CONCURRENCY = minimal;
				SWIFT_VERSION = 5.0;
				TARGETED_DEVICE_FAMILY = 1;
			};
			name = Debug;
		};
		DC45DF49230845E28F98E66D /* Debug */ = {
			isa = XCBuildConfiguration;
			buildSettings = {
				CODE_SIGN_ENTITLEMENTS = KnooqShare/KnooqShare.entitlements;
				INFOPLIST_FILE = KnooqShare/Info.plist;
				LD_RUNPATH_SEARCH_PATHS = (
					"$(inherited)",
					"@executable_path/Frameworks",
					"@executable_path/../../Frameworks",
				);
				PRODUCT_BUNDLE_IDENTIFIER = app.knooq.ios.share;
				SDKROOT = iphoneos;
				TARGETED_DEVICE_FAMILY = 1;
			};
			name = Debug;
		};
		DF574FCD0E02D483092B0FB6 /* Release */ = {
			isa = XCBuildConfiguration;
			buildSettings = {
				CODE_SIGN_IDENTITY = "";
				CURRENT_PROJECT_VERSION = 1;
				DEFINES_MODULE = YES;
				DYLIB_COMPATIBILITY_VERSION = 1;
				DYLIB_CURRENT_VERSION = 1;
				DYLIB_INSTALL_NAME_BASE = "@rpath";
				INSTALL_PATH = "$(LOCAL_LIBRARY_DIR)/Frameworks";
				LD_RUNPATH_SEARCH_PATHS = (
					"$(inherited)",
					"@executable_path/Frameworks",
				);
				PRODUCT_BUNDLE_IDENTIFIER = app.knooq.ios.kit;
				SDKROOT = iphoneos;
				SKIP_INSTALL = YES;
				TARGETED_DEVICE_FAMILY = "1,2";
				VERSIONING_SYSTEM = "apple-generic";
			};
			name = Release;
		};
		F661F9FE071CD0A70C0ACA68 /* Debug */ = {
			isa = XCBuildConfiguration;
			buildSettings = {
				ALWAYS_SEARCH_USER_PATHS = NO;
				ASSETCATALOG_COMPILER_GENERATE_SWIFT_ASSET_SYMBOL_EXTENSIONS = YES;
				CLANG_ANALYZER_NONNULL = YES;
				CLANG_ANALYZER_NUMBER_OBJECT_CONVERSION = YES_AGGRESSIVE;
				CLANG_CXX_LANGUAGE_STANDARD = "gnu++14";
				CLANG_CXX_LIBRARY = "libc++";
				CLANG_ENABLE_MODULES = YES;
				CLANG_ENABLE_OBJC_ARC = YES;
				CLANG_ENABLE_OBJC_WEAK = YES;
				CLANG_WARN_BLOCK_CAPTURE_AUTORELEASING = YES;
				CLANG_WARN_BOOL_CONVERSION = YES;
				CLANG_WARN_COMMA = YES;
				CLANG_WARN_CONSTANT_CONVERSION = YES;
				CLANG_WARN_DEPRECATED_OBJC_IMPLEMENTATIONS = YES;
				CLANG_WARN_DIRECT_OBJC_ISA_USAGE = YES_ERROR;
				CLANG_WARN_DOCUMENTATION_COMMENTS = YES;
				CLANG_WARN_EMPTY_BODY = YES;
				CLANG_WARN_ENUM_CONVERSION = YES;
				CLANG_WARN_INFINITE_RECURSION = YES;
				CLANG_WARN_INT_CONVERSION = YES;
				CLANG_WARN_NON_LITERAL_NULL_CONVERSION = YES;
				CLANG_WARN_OBJC_IMPLICIT_RETAIN_SELF = YES;
				CLANG_WARN_OBJC_LITERAL_CONVERSION = YES;
				CLANG_WARN_OBJC_ROOT_CLASS = YES_ERROR;
				CLANG_WARN_QUOTED_INCLUDE_IN_FRAMEWORK_HEADER = YES;
				CLANG_WARN_RANGE_LOOP_ANALYSIS = YES;
				CLANG_WARN_STRICT_PROTOTYPES = YES;
				CLANG_WARN_SUSPICIOUS_MOVE = YES;
				CLANG_WARN_UNGUARDED_AVAILABILITY = YES_AGGRESSIVE;
				CLANG_WARN_UNREACHABLE_CODE = YES;
				CLANG_WARN__DUPLICATE_METHOD_MATCH = YES;
				CODE_SIGN_STYLE = Automatic;
				COPY_PHASE_STRIP = NO;
				CURRENT_PROJECT_VERSION = 1;
				DEBUG_INFORMATION_FORMAT = dwarf;
				DEVELOPMENT_TEAM = KT9486C6K8;
				ENABLE_STRICT_OBJC_MSGSEND = YES;
				ENABLE_TESTABILITY = YES;
				ENABLE_USER_SCRIPT_SANDBOXING = YES;
				GCC_C_LANGUAGE_STANDARD = gnu11;
				GCC_DYNAMIC_NO_PIC = NO;
				GCC_NO_COMMON_BLOCKS = YES;
				GCC_OPTIMIZATION_LEVEL = 0;
				GCC_PREPROCESSOR_DEFINITIONS = (
					"$(inherited)",
					"DEBUG=1",
				);
				GCC_WARN_64_TO_32_BIT_CONVERSION = YES;
				GCC_WARN_ABOUT_RETURN_TYPE = YES_ERROR;
				GCC_WARN_UNDECLARED_SELECTOR = YES;
				GCC_WARN_UNINITIALIZED_AUTOS = YES_AGGRESSIVE;
				GCC_WARN_UNUSED_FUNCTION = YES;
				GCC_WARN_UNUSED_VARIABLE = YES;
				GENERATE_INFOPLIST_FILE = YES;
				IPHONEOS_DEPLOYMENT_TARGET = 26.0;
				MARKETING_VERSION = 1.0.0;
				MTL_ENABLE_DEBUG_INFO = INCLUDE_SOURCE;
				MTL_FAST_MATH = YES;
				ONLY_ACTIVE_ARCH = YES;
				PRODUCT_NAME = "$(TARGET_NAME)";
				SDKROOT = iphoneos;
				STRING_CATALOG_GENERATE_SYMBOLS = YES;
				SWIFT_ACTIVE_COMPILATION_CONDITIONS = DEBUG;
				SWIFT_OPTIMIZATION_LEVEL = "-Onone";
				SWIFT_STRICT_CONCURRENCY = complete;
				SWIFT_VERSION = 6.0;
				TARGETED_DEVICE_FAMILY = 1;
			};
			name = Debug;
		};
		FD4CDADBA55B815664DAA477 /* Release */ = {
			isa = XCBuildConfiguration;
			buildSettings = {
				CODE_SIGN_ENTITLEMENTS = KnooqShare/KnooqShare.entitlements;
				INFOPLIST_FILE = KnooqShare/Info.plist;
				LD_RUNPATH_SEARCH_PATHS = (
					"$(inherited)",
					"@executable_path/Frameworks",
					"@executable_path/../../Frameworks",
				);
				PRODUCT_BUNDLE_IDENTIFIER = app.knooq.ios.share;
				SDKROOT = iphoneos;
				TARGETED_DEVICE_FAMILY = 1;
			};
			name = Release;
		};
/* End XCBuildConfiguration section */

/* Begin XCConfigurationList section */
		25B05C5DD19162BA41F175CD /* Build configuration list for PBXProject "Knooq" */ = {
			isa = XCConfigurationList;
			buildConfigurations = (
				F661F9FE071CD0A70C0ACA68 /* Debug */,
				5A53F688F18B6CF0A71212BC /* Release */,
			);
			defaultConfigurationIsVisible = 0;
			defaultConfigurationName = Debug;
		};
		41BDFE06D965642356252613 /* Build configuration list for PBXNativeTarget "KnooqKitTests" */ = {
			isa = XCConfigurationList;
			buildConfigurations = (
				63F75EF382A93AB7700987A3 /* Debug */,
				28F5A15C545A783D257A706A /* Release */,
			);
			defaultConfigurationIsVisible = 0;
			defaultConfigurationName = Debug;
		};
		82679A112E3A0641A601AF1D /* Build configuration list for PBXNativeTarget "KnooqTests" */ = {
			isa = XCConfigurationList;
			buildConfigurations = (
				0AC7C164FE06BA8708329194 /* Debug */,
				6B861B72F6E88FE72BBAC9E6 /* Release */,
			);
			defaultConfigurationIsVisible = 0;
			defaultConfigurationName = Debug;
		};
		8D7533A372FD08B384B8BF11 /* Build configuration list for PBXNativeTarget "KnooqKit" */ = {
			isa = XCConfigurationList;
			buildConfigurations = (
				B55640CC5D1D2BBD44DE5E6D /* Debug */,
				DF574FCD0E02D483092B0FB6 /* Release */,
			);
			defaultConfigurationIsVisible = 0;
			defaultConfigurationName = Debug;
		};
		920EC0666273D8F5682B0F33 /* Build configuration list for PBXNativeTarget "Knooq" */ = {
			isa = XCConfigurationList;
			buildConfigurations = (
				BA0A8515D77383EC1BFE1F7B /* Debug */,
				5EF5C7D4FE92AF1BB8C03FBF /* Release */,
			);
			defaultConfigurationIsVisible = 0;
			defaultConfigurationName = Debug;
		};
		BAC92C84785128D6E513FB19 /* Build configuration list for PBXNativeTarget "KnooqShare" */ = {
			isa = XCConfigurationList;
			buildConfigurations = (
				DC45DF49230845E28F98E66D /* Debug */,
				FD4CDADBA55B815664DAA477 /* Release */,
			);
			defaultConfigurationIsVisible = 0;
			defaultConfigurationName = Debug;
		};
/* End XCConfigurationList section */
	};
	rootObject = 4C2688E0AA8BE3783CBE7A05 /* Project object */;
}
